// !$*UTF8*$!
{
	archiveVersion = 1;
	classes = {
	};
	objectVersion = 46;
	objects = {

/* Begin PBXBuildFile section */
		EDE63C641F2660B400650E35 /* AppDelegate.swift in Sources */ = {isa = PBXBuildFile; fileRef = EDE63C631F2660B400650E35 /* AppDelegate.swift */; };
		EDE63C661F2660B400650E35 /* ViewController.swift in Sources */ = {isa = PBXBuildFile; fileRef = EDE63C651F2660B400650E35 /* ViewController.swift */; };
		EDE63C691F2660B400650E35 /* Main.storyboard in Resources */ = {isa = PBXBuildFile; fileRef = EDE63C671F2660B400650E35 /* Main.storyboard */; };
		EDE63C6B1F2660B400650E35 /* Assets.xcassets in Resources */ = {isa = PBXBuildFile; fileRef = EDE63C6A1F2660B400650E35 /* Assets.xcassets */; };
		EDE63C6E1F2660B400650E35 /* LaunchScreen.storyboard in Resources */ = {isa = PBXBuildFile; fileRef = EDE63C6C1F2660B400650E35 /* LaunchScreen.storyboard */; };
/* End PBXBuildFile section */

/* Begin PBXFileReference section */
		EDE63C601F2660B400650E35 /* Sample Collection.app */ = {isa = PBXFileReference; explicitFileType = wrapper.application; includeInIndex = 0; path = "Sample Collection.app"; sourceTree = BUILT_PRODUCTS_DIR; };
		EDE63C631F2660B400650E35 /* AppDelegate.swift */ = {isa = PBXFileReference; lastKnownFileType = sourcecode.swift; path = AppDelegate.swift; sourceTree = "<group>"; };
		EDE63C651F2660B400650E35 /* ViewController.swift */ = {isa = PBXFileReference; lastKnownFileType = sourcecode.swift; path = ViewController.swift; sourceTree = "<group>"; };
		EDE63C681F2660B400650E35 /* Base */ = {isa = PBXFileReference; lastKnownFileType = file.storyboard; name = Base; path = Base.lproj/Main.storyboard; sourceTree = "<group>"; };
		EDE63C6A1F2660B400650E35 /* Assets.xcassets */ = {isa = PBXFileReference; lastKnownFileType = folder.assetcatalog; path = Assets.xcassets; sourceTree = "<group>"; };
		EDE63C6D1F2660B400650E35 /* Base */ = {isa = PBXFileReference; lastKnownFileType = file.storyboard; name = Base; path = Base.lproj/LaunchScreen.storyboard; sourceTree = "<group>"; };
		EDE63C6F1F2660B400650E35 /* Info.plist */ = {isa = PBXFileReference; lastKnownFileType = text.plist.xml; path = Info.plist; sourceTree = "<group>"; };
/* End PBXFileReference section */

/* Begin PBXFrameworksBuildPhase section */
		EDE63C5D1F2660B400650E35 /* Frameworks */ = {
			isa = PBXFrameworksBuildPhase;
			buildActionMask = 2147483647;
			files = (
			);
			runOnlyForDeploymentPostprocessing = 0;
		};
/* End PBXFrameworksBuildPhase section */

/* Begin PBXGroup section */
		EDE63C571F2660B400650E35 = {
			isa = PBXGroup;
			children = (
				EDE63C621F2660B400650E35 /* Sample Collection */,
				EDE63C611F2660B400650E35 /* Products */,
			);
			sourceTree = "<group>";
		};
		EDE63C611F2660B400650E35 /* Products */ = {
			isa = PBXGroup;
			children = (
				EDE63C601F2660B400650E35 /* Sample Collection.app */,
			);
			name = Products;
			sourceTree = "<group>";
		};
		EDE63C621F2660B400650E35 /* Sample Collection */ = {
			isa = PBXGroup;
			children = (
				EDE63C631F2660B400650E35 /* AppDelegate.swift */,
				EDE63C651F2660B400650E35 /* ViewController.swift */,
				EDE63C671F2660B400650E35 /* Main.storyboard */,
				EDE63C6A1F2660B400650E35 /* Assets.xcassets */,
				EDE63C6C1F2660B400650E35 /* LaunchScreen.storyboard */,
				EDE63C6F1F2660B400650E35 /* Info.plist */,
			);
			path = "Sample Collection";
			sourceTree = "<group>";
		};
/* End PBXGroup section */

/* Begin PBXNativeTarget section */
		EDE63C5F1F2660B400650E35 /* Sample Collection */ = {
			isa = PBXNativeTarget;
			buildConfigurationList = EDE63C721F2660B400650E35 /* Build configuration list for PBXNativeTarget "Sample Collection" */;
			buildPhases = (
				EDE63C5C1F2660B400650E35 /* Sources */,
				EDE63C5D1F2660B400650E35 /* Frameworks */,
				EDE63C5E1F2660B400650E35 /* Resources */,
			);
			buildRules = (
			);
			dependencies = (
			);
			name = "Sample Collection";
			productName = "Sample Collection";
			productReference = EDE63C601F2660B400650E35 /* Sample Collection.app */;
			productType = "com.apple.product-type.application";
		};
/* End PBXNativeTarget section */

/* Begin PBXProject section */
		EDE63C581F2660B400650E35 /* Project object */ = {
			isa = PBXProject;
			attributes = {
				LastSwiftUpdateCheck = 0830;
				LastUpgradeCheck = 0830;
				ORGANIZATIONNAME = "Flippy Campus Limited";
				TargetAttributes = {
					EDE63C5F1F2660B400650E35 = {
						CreatedOnToolsVersion = 8.3.1;
						DevelopmentTeam = 3YB9QYP2E3;
						ProvisioningStyle = Automatic;
					};
				};
			};
			buildConfigurationList = EDE63C5B1F2660B400650E35 /* Build configuration list for PBXProject "Sample Collection" */;
			compatibilityVersion = "Xcode 3.2";
			developmentRegion = English;
			hasScannedForEncodings = 0;
			knownRegions = (
				en,
				Base,
			);
			mainGroup = EDE63C571F2660B400650E35;
			productRefGroup = EDE63C611F2660B400650E35 /* Products */;
			projectDirPath = "";
			projectRoot = "";
			targets = (
				EDE63C5F1F2660B400650E35 /* Sample Collection */,
			);
		};
/* End PBXProject section */

/* Begin PBXResourcesBuildPhase section */
		EDE63C5E1F2660B400650E35 /* Resources */ = {
			isa = PBXResourcesBuildPhase;
			buildActionMask = 2147483647;
			files = (
				EDE63C6E1F2660B400650E35 /* LaunchScreen.storyboard in Resources */,
				EDE63C6B1F2660B400650E35 /* Assets.xcassets in Resources */,
				EDE63C691F2660B400650E35 /* Main.storyboard in Resources */,
			);
			runOnlyForDeploymentPostprocessing = 0;
		};
/* End PBXResourcesBuildPhase section */

/* Begin PBXSourcesBuildPhase section */
		EDE63C5C1F2660B400650E35 /* Sources */ = {
			isa = PBXSourcesBuildPhase;
			buildActionMask = 2147483647;
			files = (
				EDE63C661F2660B400650E35 /* ViewController.swift in Sources */,
				EDE63C641F2660B400650E35 /* AppDelegate.swift in Sources */,
			);
			runOnlyForDeploymentPostprocessing = 0;
		};
/* End PBXSourcesBuildPhase section */

/* Begin PBXVariantGroup section */
		EDE63C671F2660B400650E35 /* Main.storyboard */ = {
			isa = PBXVariantGroup;
			children = (
				EDE63C681F2660B400650E35 /* Base */,
			);
			name = Main.storyboard;
			sourceTree = "<group>";
		};
		EDE63C6C1F2660B400650E35 /* LaunchScreen.storyboard */ = {
			isa = PBXVariantGroup;
			children = (
				EDE63C6D1F2660B400650E35 /* Base */,
			);
			name = LaunchScreen.storyboard;
			sourceTree = "<group>";
		};
/* End PBXVariantGroup section */

/* Begin XCBuildConfiguration section */
		EDE63C701F2660B400650E35 /* Debug */ = {
			isa = XCBuildConfiguration;
			buildSettings = {
				ALWAYS_SEARCH_USER_PATHS = NO;
				CLANG_ANALYZER_NONNULL = YES;
				CLANG_ANALYZER_NUMBER_OBJECT_CONVERSION = YES_AGGRESSIVE;
				CLANG_CXX_LANGUAGE_STANDARD = "gnu++0x";
				CLANG_CXX_LIBRARY = "libc++";
				CLANG_ENABLE_MODULES = YES;
				CLANG_ENABLE_OBJC_ARC = YES;
				CLANG_WARN_BOOL_CONVERSION = YES;
				CLANG_WARN_CONSTANT_CONVERSION = YES;
				CLANG_WARN_DIRECT_OBJC_ISA_USAGE = YES_ERROR;
				CLANG_WARN_DOCUMENTATION_COMMENTS = YES;
				CLANG_WARN_EMPTY_BODY = YES;
				CLANG_WARN_ENUM_CONVERSION = YES;
				CLANG_WARN_INFINITE_RECURSION = YES;
				CLANG_WARN_INT_CONVERSION = YES;
				CLANG_WARN_OBJC_ROOT_CLASS = YES_ERROR;
				CLANG_WARN_SUSPICIOUS_MOVE = YES;
				CLANG_WARN_UNREACHABLE_CODE = YES;
				CLANG_WARN__DUPLICATE_METHOD_MATCH = YES;
				"CODE_SIGN_IDENTITY[sdk=iphoneos*]" = "iPhone Developer";
				COPY_PHASE_STRIP = NO;
				DEBUG_INFORMATION_FORMAT = dwarf;
				ENABLE_STRICT_OBJC_MSGSEND = YES;
				ENABLE_TESTABILITY = YES;
				GCC_C_LANGUAGE_STANDARD = gnu99;
				GCC_DYNAMIC_NO_PIC = NO;
				GCC_NO_COMMON_BLOCKS = YES;
				GCC_OPTIMIZATION_LEVEL = 0;
				GCC_PREPROCESSOR_DEFINITIONS = (
					"DEBUG=1",
					"$(inherited)",
				);
				GCC_WARN_64_TO_32_BIT_CONVERSION = YES;
				GCC_WARN_ABOUT_RETURN_TYPE = YES_ERROR;
				GCC_WARN_UNDECLARED_SELECTOR = YES;
				GCC_WARN_UNINITIALIZED_AUTOS = YES_AGGRESSIVE;
				GCC_WARN_UNUSED_FUNCTION = YES;
				GCC_WARN_UNUSED_VARIABLE = YES;
				IPHONEOS_DEPLOYMENT_TARGET = 10.3;
				MTL_ENABLE_DEBUG_INFO = YES;
				ONLY_ACTIVE_ARCH = YES;
				SDKROOT = iphoneos;
				SWIFT_ACTIVE_COMPILATION_CONDITIONS = DEBUG;
				SWIFT_OPTIMIZATION_LEVEL = "-Onone";
				TARGETED_DEVICE_FAMILY = "1,2";
			};
			name = Debug;
		};
		EDE63C711F2660B400650E35 /* Release */ = {
			isa = XCBuildConfiguration;
			buildSettings = {
				ALWAYS_SEARCH_USER_PATHS = NO;
				CLANG_ANALYZER_NONNULL = YES;
				CLANG_ANALYZER_NUMBER_OBJECT_CONVERSION = YES_AGGRESSIVE;
				CLANG_CXX_LANGUAGE_STANDARD = "gnu++0x";
				CLANG_CXX_LIBRARY = "libc++";
				CLANG_ENABLE_MODULES = YES;
				CLANG_ENABLE_OBJC_ARC = YES;
				CLANG_WARN_BOOL_CONVERSION = YES;
				CLANG_WARN_CONSTANT_CONVERSION = YES;
				CLANG_WARN_DIRECT_OBJC_ISA_USAGE = YES_ERROR;
				CLANG_WARN_DOCUMENTATION_COMMENTS = YES;
				CLANG_WARN_EMPTY_BODY = YES;
				CLANG_WARN_ENUM_CONVERSION = YES;
				CLANG_WARN_INFINITE_RECURSION = YES;
				CLANG_WARN_INT_CONVERSION = YES;
				CLANG_WARN_OBJC_ROOT_CLASS = YES_ERROR;
				CLANG_WARN_SUSPICIOUS_MOVE = YES;
				CLANG_WARN_UNREACHABLE_CODE = YES;
				CLANG_WARN__DUPLICATE_METHOD_MATCH = YES;
				"CODE_SIGN_IDENTITY[sdk=iphoneos*]" = "iPhone Developer";
				COPY_PHASE_STRIP = NO;
				DEBUG_INFORMATION_FORMAT = "dwarf-with-dsym";
				ENABLE_NS_ASSERTIONS = NO;
				ENABLE_STRICT_OBJC_MSGSEND = YES;
				GCC_C_LANGUAGE_STANDARD = gnu99;
				GCC_NO_COMMON_BLOCKS = YES;
				GCC_WARN_64_TO_32_BIT_CONVERSION = YES;
				GCC_WARN_ABOUT_RETURN_TYPE = YES_ERROR;
				GCC_WARN_UNDECLARED_SELECTOR = YES;
				GCC_WARN_UNINITIALIZED_AUTOS = YES_AGGRESSIVE;
				GCC_WARN_UNUSED_FUNCTION = YES;
				GCC_WARN_UNUSED_VARIABLE = YES;
				IPHONEOS_DEPLOYMENT_TARGET = 10.3;
				MTL_ENABLE_DEBUG_INFO = NO;
				SDKROOT = iphoneos;
				SWIFT_OPTIMIZATION_LEVEL = "-Owholemodule";
				TARGETED_DEVICE_FAMILY = "1,2";
				VALIDATE_PRODUCT = YES;
			};
			name = Release;
		};
		EDE63C731F2660B400650E35 /* Debug */ = {
			isa = XCBuildConfiguration;
			buildSettings = {
				ASSETCATALOG_COMPILER_APPICON_NAME = AppIcon;
				DEVELOPMENT_TEAM = 3YB9QYP2E3;
				INFOPLIST_FILE = "Sample Collection/Info.plist";
				LD_RUNPATH_SEARCH_PATHS = "$(inherited) @executable_path/Frameworks";
				PRODUCT_BUNDLE_IDENTIFIER = "com.producthunt.Sample-Collection";
				PRODUCT_NAME = "$(TARGET_NAME)";
				SWIFT_VERSION = 3.0;
			};
			name = Debug;
		};
		EDE63C741F2660B400650E35 /* Release */ = {
			isa = XCBuildConfiguration;
			buildSettings = {
				ASSETCATALOG_COMPILER_APPICON_NAME = AppIcon;
				DEVELOPMENT_TEAM = 3YB9QYP2E3;
				INFOPLIST_FILE = "Sample Collection/Info.plist";
				LD_RUNPATH_SEARCH_PATHS = "$(inherited) @executable_path/Frameworks";
				PRODUCT_BUNDLE_IDENTIFIER = "com.producthunt.Sample-Collection";
				PRODUCT_NAME = "$(TARGET_NAME)";
				SWIFT_VERSION = 3.0;
			};
			name = Release;
		};
/* End XCBuildConfiguration section */

/* Begin XCConfigurationList section */
		EDE63C5B1F2660B400650E35 /* Build configuration list for PBXProject "Sample Collection" */ = {
			isa = XCConfigurationList;
			buildConfigurations = (
				EDE63C701F2660B400650E35 /* Debug */,
				EDE63C711F2660B400650E35 /* Release */,
			);
			defaultConfigurationIsVisible = 0;
			defaultConfigurationName = Release;
		};
		EDE63C721F2660B400650E35 /* Build configuration list for PBXNativeTarget "Sample Collection" */ = {
			isa = XCConfigurationList;
			buildConfigurations = (
				EDE63C731F2660B400650E35 /* Debug */,
				EDE63C741F2660B400650E35 /* Release */,
			);
			defaultConfigurationIsVisible = 0;
		};
/* End XCConfigurationList section */
	};
	rootObject = EDE63C581F2660B400650E35 /* Project object */;
}
